
Microsoft Visual Studio Solution File, Format Version 12.00
# Visual Studio 15
VisualStudioVersion = 15.0.28010.2046
MinimumVisualStudioVersion = 10.0.40219.1
Project("{FAE04EC0-301F-11D3-BF4B-00C04F79EFBC}") = "BHJet_Admin", "BHJet_Admin\BHJet_Admin.csproj", "{1A1A98FE-DD48-457E-A2C1-B473396D1315}"
EndProject
Project("{2150E333-8FDC-42A3-9474-1A3956D46DE8}") = "Componentes", "Componentes", "{C55DF594-CFAA-4BE0-BC0E-A1EA557512AA}"
EndProject
Project("{FAE04EC0-301F-11D3-BF4B-00C04F79EFBC}") = "BHJet_Core", "BHJet_Core\BHJet_Core.csproj", "{1D890AFC-7AE5-45E4-A1E2-4161D00D46F3}"
EndProject
Project("{FAE04EC0-301F-11D3-BF4B-00C04F79EFBC}") = "BHJet_Repositorio", "BHJet_Repositorio\BHJet_Repositorio.csproj", "{C4C90E6F-22F5-4AF2-8DF5-D67A9992E74E}"
EndProject
Project("{FAE04EC0-301F-11D3-BF4B-00C04F79EFBC}") = "BHJet_WebApi", "BHJet_WebApi\BHJet_WebApi.csproj", "{1364F85D-9AD3-4B95-84AA-36E5583372EA}"
EndProject
Project("{2150E333-8FDC-42A3-9474-1A3956D46DE8}") = "Web", "Web", "{4B8F0DFD-5BF6-4D7A-9A96-499CB2941974}"
EndProject
Project("{2150E333-8FDC-42A3-9474-1A3956D46DE8}") = "WebApi", "WebApi", "{9CA4C488-9AAE-4277-8D93-BA9BBFFD7C09}"
EndProject
Project("{9A19103F-16F7-4668-BE54-9A1E7A4F7556}") = "BHJet_Servico", "BHJet_Servico\BHJet_Servico.csproj", "{0310B10F-5E51-455A-ACB7-7FDE01E0EE0B}"
EndProject
Project("{9A19103F-16F7-4668-BE54-9A1E7A4F7556}") = "BHJet_DTO", "BHJet_DTO\BHJet_DTO.csproj", "{79F2E840-B418-4CC0-B2E8-328E79760679}"
EndProject
Project("{2150E333-8FDC-42A3-9474-1A3956D46DE8}") = "Mobile", "Mobile", "{E3582EED-6092-43F7-BB88-7071001AC9B0}"
EndProject
Project("{FAE04EC0-301F-11D3-BF4B-00C04F79EFBC}") = "BHJet_Mobile.Android", "BHJet_Mobile\BHJet_Mobile.Android\BHJet_Mobile.Android.csproj", "{AA28E33D-0FC4-424B-B4F8-05A867AE01C6}"
EndProject
Project("{FAE04EC0-301F-11D3-BF4B-00C04F79EFBC}") = "BHJet_Mobile.iOS", "BHJet_Mobile\BHJet_Mobile.iOS\BHJet_Mobile.iOS.csproj", "{E36DC546-E9CF-4D68-B6B4-AB3DE8853033}"
EndProject
Project("{FAE04EC0-301F-11D3-BF4B-00C04F79EFBC}") = "BHJet_Mobile", "BHJet_Mobile\BHJet_Mobile\BHJet_Mobile.csproj", "{ADF7555F-F2F7-4FAC-93BD-567535ED870E}"
EndProject
Global
	GlobalSection(SolutionConfigurationPlatforms) = preSolution
		Ad-Hoc|Any CPU = Ad-Hoc|Any CPU
		Ad-Hoc|iPhone = Ad-Hoc|iPhone
		Ad-Hoc|iPhoneSimulator = Ad-Hoc|iPhoneSimulator
		AppStore|Any CPU = AppStore|Any CPU
		AppStore|iPhone = AppStore|iPhone
		AppStore|iPhoneSimulator = AppStore|iPhoneSimulator
		Debug|Any CPU = Debug|Any CPU
		Debug|iPhone = Debug|iPhone
		Debug|iPhoneSimulator = Debug|iPhoneSimulator
		Release|Any CPU = Release|Any CPU
		Release|iPhone = Release|iPhone
		Release|iPhoneSimulator = Release|iPhoneSimulator
	EndGlobalSection
	GlobalSection(ProjectConfigurationPlatforms) = postSolution
		{1A1A98FE-DD48-457E-A2C1-B473396D1315}.Ad-Hoc|Any CPU.ActiveCfg = Release|Any CPU
		{1A1A98FE-DD48-457E-A2C1-B473396D1315}.Ad-Hoc|Any CPU.Build.0 = Release|Any CPU
		{1A1A98FE-DD48-457E-A2C1-B473396D1315}.Ad-Hoc|iPhone.ActiveCfg = Release|Any CPU
		{1A1A98FE-DD48-457E-A2C1-B473396D1315}.Ad-Hoc|iPhone.Build.0 = Release|Any CPU
		{1A1A98FE-DD48-457E-A2C1-B473396D1315}.Ad-Hoc|iPhoneSimulator.ActiveCfg = Release|Any CPU
		{1A1A98FE-DD48-457E-A2C1-B473396D1315}.Ad-Hoc|iPhoneSimulator.Build.0 = Release|Any CPU
		{1A1A98FE-DD48-457E-A2C1-B473396D1315}.AppStore|Any CPU.ActiveCfg = Release|Any CPU
		{1A1A98FE-DD48-457E-A2C1-B473396D1315}.AppStore|Any CPU.Build.0 = Release|Any CPU
		{1A1A98FE-DD48-457E-A2C1-B473396D1315}.AppStore|iPhone.ActiveCfg = Release|Any CPU
		{1A1A98FE-DD48-457E-A2C1-B473396D1315}.AppStore|iPhone.Build.0 = Release|Any CPU
		{1A1A98FE-DD48-457E-A2C1-B473396D1315}.AppStore|iPhoneSimulator.ActiveCfg = Release|Any CPU
		{1A1A98FE-DD48-457E-A2C1-B473396D1315}.AppStore|iPhoneSimulator.Build.0 = Release|Any CPU
		{1A1A98FE-DD48-457E-A2C1-B473396D1315}.Debug|Any CPU.ActiveCfg = Debug|Any CPU
		{1A1A98FE-DD48-457E-A2C1-B473396D1315}.Debug|Any CPU.Build.0 = Debug|Any CPU
		{1A1A98FE-DD48-457E-A2C1-B473396D1315}.Debug|iPhone.ActiveCfg = Debug|Any CPU
		{1A1A98FE-DD48-457E-A2C1-B473396D1315}.Debug|iPhone.Build.0 = Debug|Any CPU
		{1A1A98FE-DD48-457E-A2C1-B473396D1315}.Debug|iPhoneSimulator.ActiveCfg = Debug|Any CPU
		{1A1A98FE-DD48-457E-A2C1-B473396D1315}.Debug|iPhoneSimulator.Build.0 = Debug|Any CPU
		{1A1A98FE-DD48-457E-A2C1-B473396D1315}.Release|Any CPU.ActiveCfg = Release|Any CPU
		{1A1A98FE-DD48-457E-A2C1-B473396D1315}.Release|Any CPU.Build.0 = Release|Any CPU
		{1A1A98FE-DD48-457E-A2C1-B473396D1315}.Release|iPhone.ActiveCfg = Release|Any CPU
		{1A1A98FE-DD48-457E-A2C1-B473396D1315}.Release|iPhone.Build.0 = Release|Any CPU
		{1A1A98FE-DD48-457E-A2C1-B473396D1315}.Release|iPhoneSimulator.ActiveCfg = Release|Any CPU
		{1A1A98FE-DD48-457E-A2C1-B473396D1315}.Release|iPhoneSimulator.Build.0 = Release|Any CPU
		{1D890AFC-7AE5-45E4-A1E2-4161D00D46F3}.Ad-Hoc|Any CPU.ActiveCfg = Release|Any CPU
		{1D890AFC-7AE5-45E4-A1E2-4161D00D46F3}.Ad-Hoc|Any CPU.Build.0 = Release|Any CPU
		{1D890AFC-7AE5-45E4-A1E2-4161D00D46F3}.Ad-Hoc|iPhone.ActiveCfg = Release|Any CPU
		{1D890AFC-7AE5-45E4-A1E2-4161D00D46F3}.Ad-Hoc|iPhone.Build.0 = Release|Any CPU
		{1D890AFC-7AE5-45E4-A1E2-4161D00D46F3}.Ad-Hoc|iPhoneSimulator.ActiveCfg = Release|Any CPU
		{1D890AFC-7AE5-45E4-A1E2-4161D00D46F3}.Ad-Hoc|iPhoneSimulator.Build.0 = Release|Any CPU
		{1D890AFC-7AE5-45E4-A1E2-4161D00D46F3}.AppStore|Any CPU.ActiveCfg = Release|Any CPU
		{1D890AFC-7AE5-45E4-A1E2-4161D00D46F3}.AppStore|Any CPU.Build.0 = Release|Any CPU
		{1D890AFC-7AE5-45E4-A1E2-4161D00D46F3}.AppStore|iPhone.ActiveCfg = Release|Any CPU
		{1D890AFC-7AE5-45E4-A1E2-4161D00D46F3}.AppStore|iPhone.Build.0 = Release|Any CPU
		{1D890AFC-7AE5-45E4-A1E2-4161D00D46F3}.AppStore|iPhoneSimulator.ActiveCfg = Release|Any CPU
		{1D890AFC-7AE5-45E4-A1E2-4161D00D46F3}.AppStore|iPhoneSimulator.Build.0 = Release|Any CPU
		{1D890AFC-7AE5-45E4-A1E2-4161D00D46F3}.Debug|Any CPU.ActiveCfg = Debug|Any CPU
		{1D890AFC-7AE5-45E4-A1E2-4161D00D46F3}.Debug|Any CPU.Build.0 = Debug|Any CPU
		{1D890AFC-7AE5-45E4-A1E2-4161D00D46F3}.Debug|iPhone.ActiveCfg = Debug|Any CPU
		{1D890AFC-7AE5-45E4-A1E2-4161D00D46F3}.Debug|iPhone.Build.0 = Debug|Any CPU
		{1D890AFC-7AE5-45E4-A1E2-4161D00D46F3}.Debug|iPhoneSimulator.ActiveCfg = Debug|Any CPU
		{1D890AFC-7AE5-45E4-A1E2-4161D00D46F3}.Debug|iPhoneSimulator.Build.0 = Debug|Any CPU
		{1D890AFC-7AE5-45E4-A1E2-4161D00D46F3}.Release|Any CPU.ActiveCfg = Release|Any CPU
		{1D890AFC-7AE5-45E4-A1E2-4161D00D46F3}.Release|Any CPU.Build.0 = Release|Any CPU
		{1D890AFC-7AE5-45E4-A1E2-4161D00D46F3}.Release|iPhone.ActiveCfg = Release|Any CPU
		{1D890AFC-7AE5-45E4-A1E2-4161D00D46F3}.Release|iPhone.Build.0 = Release|Any CPU
		{1D890AFC-7AE5-45E4-A1E2-4161D00D46F3}.Release|iPhoneSimulator.ActiveCfg = Release|Any CPU
		{1D890AFC-7AE5-45E4-A1E2-4161D00D46F3}.Release|iPhoneSimulator.Build.0 = Release|Any CPU
		{C4C90E6F-22F5-4AF2-8DF5-D67A9992E74E}.Ad-Hoc|Any CPU.ActiveCfg = Release|Any CPU
		{C4C90E6F-22F5-4AF2-8DF5-D67A9992E74E}.Ad-Hoc|Any CPU.Build.0 = Release|Any CPU
		{C4C90E6F-22F5-4AF2-8DF5-D67A9992E74E}.Ad-Hoc|iPhone.ActiveCfg = Release|Any CPU
		{C4C90E6F-22F5-4AF2-8DF5-D67A9992E74E}.Ad-Hoc|iPhone.Build.0 = Release|Any CPU
		{C4C90E6F-22F5-4AF2-8DF5-D67A9992E74E}.Ad-Hoc|iPhoneSimulator.ActiveCfg = Release|Any CPU
		{C4C90E6F-22F5-4AF2-8DF5-D67A9992E74E}.Ad-Hoc|iPhoneSimulator.Build.0 = Release|Any CPU
		{C4C90E6F-22F5-4AF2-8DF5-D67A9992E74E}.AppStore|Any CPU.ActiveCfg = Release|Any CPU
		{C4C90E6F-22F5-4AF2-8DF5-D67A9992E74E}.AppStore|Any CPU.Build.0 = Release|Any CPU
		{C4C90E6F-22F5-4AF2-8DF5-D67A9992E74E}.AppStore|iPhone.ActiveCfg = Release|Any CPU
		{C4C90E6F-22F5-4AF2-8DF5-D67A9992E74E}.AppStore|iPhone.Build.0 = Release|Any CPU
		{C4C90E6F-22F5-4AF2-8DF5-D67A9992E74E}.AppStore|iPhoneSimulator.ActiveCfg = Release|Any CPU
		{C4C90E6F-22F5-4AF2-8DF5-D67A9992E74E}.AppStore|iPhoneSimulator.Build.0 = Release|Any CPU
		{C4C90E6F-22F5-4AF2-8DF5-D67A9992E74E}.Debug|Any CPU.ActiveCfg = Debug|Any CPU
		{C4C90E6F-22F5-4AF2-8DF5-D67A9992E74E}.Debug|Any CPU.Build.0 = Debug|Any CPU
		{C4C90E6F-22F5-4AF2-8DF5-D67A9992E74E}.Debug|iPhone.ActiveCfg = Debug|Any CPU
		{C4C90E6F-22F5-4AF2-8DF5-D67A9992E74E}.Debug|iPhone.Build.0 = Debug|Any CPU
		{C4C90E6F-22F5-4AF2-8DF5-D67A9992E74E}.Debug|iPhoneSimulator.ActiveCfg = Debug|Any CPU
		{C4C90E6F-22F5-4AF2-8DF5-D67A9992E74E}.Debug|iPhoneSimulator.Build.0 = Debug|Any CPU
		{C4C90E6F-22F5-4AF2-8DF5-D67A9992E74E}.Release|Any CPU.ActiveCfg = Release|Any CPU
		{C4C90E6F-22F5-4AF2-8DF5-D67A9992E74E}.Release|Any CPU.Build.0 = Release|Any CPU
		{C4C90E6F-22F5-4AF2-8DF5-D67A9992E74E}.Release|iPhone.ActiveCfg = Release|Any CPU
		{C4C90E6F-22F5-4AF2-8DF5-D67A9992E74E}.Release|iPhone.Build.0 = Release|Any CPU
		{C4C90E6F-22F5-4AF2-8DF5-D67A9992E74E}.Release|iPhoneSimulator.ActiveCfg = Release|Any CPU
		{C4C90E6F-22F5-4AF2-8DF5-D67A9992E74E}.Release|iPhoneSimulator.Build.0 = Release|Any CPU
		{1364F85D-9AD3-4B95-84AA-36E5583372EA}.Ad-Hoc|Any CPU.ActiveCfg = Release|Any CPU
		{1364F85D-9AD3-4B95-84AA-36E5583372EA}.Ad-Hoc|Any CPU.Build.0 = Release|Any CPU
		{1364F85D-9AD3-4B95-84AA-36E5583372EA}.Ad-Hoc|iPhone.ActiveCfg = Release|Any CPU
		{1364F85D-9AD3-4B95-84AA-36E5583372EA}.Ad-Hoc|iPhone.Build.0 = Release|Any CPU
		{1364F85D-9AD3-4B95-84AA-36E5583372EA}.Ad-Hoc|iPhoneSimulator.ActiveCfg = Release|Any CPU
		{1364F85D-9AD3-4B95-84AA-36E5583372EA}.Ad-Hoc|iPhoneSimulator.Build.0 = Release|Any CPU
		{1364F85D-9AD3-4B95-84AA-36E5583372EA}.AppStore|Any CPU.ActiveCfg = Release|Any CPU
		{1364F85D-9AD3-4B95-84AA-36E5583372EA}.AppStore|Any CPU.Build.0 = Release|Any CPU
		{1364F85D-9AD3-4B95-84AA-36E5583372EA}.AppStore|iPhone.ActiveCfg = Release|Any CPU
		{1364F85D-9AD3-4B95-84AA-36E5583372EA}.AppStore|iPhone.Build.0 = Release|Any CPU
		{1364F85D-9AD3-4B95-84AA-36E5583372EA}.AppStore|iPhoneSimulator.ActiveCfg = Release|Any CPU
		{1364F85D-9AD3-4B95-84AA-36E5583372EA}.AppStore|iPhoneSimulator.Build.0 = Release|Any CPU
		{1364F85D-9AD3-4B95-84AA-36E5583372EA}.Debug|Any CPU.ActiveCfg = Debug|Any CPU
		{1364F85D-9AD3-4B95-84AA-36E5583372EA}.Debug|Any CPU.Build.0 = Debug|Any CPU
		{1364F85D-9AD3-4B95-84AA-36E5583372EA}.Debug|iPhone.ActiveCfg = Debug|Any CPU
		{1364F85D-9AD3-4B95-84AA-36E5583372EA}.Debug|iPhone.Build.0 = Debug|Any CPU
		{1364F85D-9AD3-4B95-84AA-36E5583372EA}.Debug|iPhoneSimulator.ActiveCfg = Debug|Any CPU
		{1364F85D-9AD3-4B95-84AA-36E5583372EA}.Debug|iPhoneSimulator.Build.0 = Debug|Any CPU
		{1364F85D-9AD3-4B95-84AA-36E5583372EA}.Release|Any CPU.ActiveCfg = Release|Any CPU
		{1364F85D-9AD3-4B95-84AA-36E5583372EA}.Release|Any CPU.Build.0 = Release|Any CPU
		{1364F85D-9AD3-4B95-84AA-36E5583372EA}.Release|iPhone.ActiveCfg = Release|Any CPU
		{1364F85D-9AD3-4B95-84AA-36E5583372EA}.Release|iPhone.Build.0 = Release|Any CPU
		{1364F85D-9AD3-4B95-84AA-36E5583372EA}.Release|iPhoneSimulator.ActiveCfg = Release|Any CPU
		{1364F85D-9AD3-4B95-84AA-36E5583372EA}.Release|iPhoneSimulator.Build.0 = Release|Any CPU
		{0310B10F-5E51-455A-ACB7-7FDE01E0EE0B}.Ad-Hoc|Any CPU.ActiveCfg = Release|Any CPU
		{0310B10F-5E51-455A-ACB7-7FDE01E0EE0B}.Ad-Hoc|Any CPU.Build.0 = Release|Any CPU
		{0310B10F-5E51-455A-ACB7-7FDE01E0EE0B}.Ad-Hoc|iPhone.ActiveCfg = Release|Any CPU
		{0310B10F-5E51-455A-ACB7-7FDE01E0EE0B}.Ad-Hoc|iPhone.Build.0 = Release|Any CPU
		{0310B10F-5E51-455A-ACB7-7FDE01E0EE0B}.Ad-Hoc|iPhoneSimulator.ActiveCfg = Release|Any CPU
		{0310B10F-5E51-455A-ACB7-7FDE01E0EE0B}.Ad-Hoc|iPhoneSimulator.Build.0 = Release|Any CPU
		{0310B10F-5E51-455A-ACB7-7FDE01E0EE0B}.AppStore|Any CPU.ActiveCfg = Release|Any CPU
		{0310B10F-5E51-455A-ACB7-7FDE01E0EE0B}.AppStore|Any CPU.Build.0 = Release|Any CPU
		{0310B10F-5E51-455A-ACB7-7FDE01E0EE0B}.AppStore|iPhone.ActiveCfg = Release|Any CPU
		{0310B10F-5E51-455A-ACB7-7FDE01E0EE0B}.AppStore|iPhone.Build.0 = Release|Any CPU
		{0310B10F-5E51-455A-ACB7-7FDE01E0EE0B}.AppStore|iPhoneSimulator.ActiveCfg = Release|Any CPU
		{0310B10F-5E51-455A-ACB7-7FDE01E0EE0B}.AppStore|iPhoneSimulator.Build.0 = Release|Any CPU
		{0310B10F-5E51-455A-ACB7-7FDE01E0EE0B}.Debug|Any CPU.ActiveCfg = Debug|Any CPU
		{0310B10F-5E51-455A-ACB7-7FDE01E0EE0B}.Debug|Any CPU.Build.0 = Debug|Any CPU
		{0310B10F-5E51-455A-ACB7-7FDE01E0EE0B}.Debug|iPhone.ActiveCfg = Debug|Any CPU
		{0310B10F-5E51-455A-ACB7-7FDE01E0EE0B}.Debug|iPhone.Build.0 = Debug|Any CPU
		{0310B10F-5E51-455A-ACB7-7FDE01E0EE0B}.Debug|iPhoneSimulator.ActiveCfg = Debug|Any CPU
		{0310B10F-5E51-455A-ACB7-7FDE01E0EE0B}.Debug|iPhoneSimulator.Build.0 = Debug|Any CPU
		{0310B10F-5E51-455A-ACB7-7FDE01E0EE0B}.Release|Any CPU.ActiveCfg = Release|Any CPU
		{0310B10F-5E51-455A-ACB7-7FDE01E0EE0B}.Release|Any CPU.Build.0 = Release|Any CPU
		{0310B10F-5E51-455A-ACB7-7FDE01E0EE0B}.Release|iPhone.ActiveCfg = Release|Any CPU
		{0310B10F-5E51-455A-ACB7-7FDE01E0EE0B}.Release|iPhone.Build.0 = Release|Any CPU
		{0310B10F-5E51-455A-ACB7-7FDE01E0EE0B}.Release|iPhoneSimulator.ActiveCfg = Release|Any CPU
		{0310B10F-5E51-455A-ACB7-7FDE01E0EE0B}.Release|iPhoneSimulator.Build.0 = Release|Any CPU
		{79F2E840-B418-4CC0-B2E8-328E79760679}.Ad-Hoc|Any CPU.ActiveCfg = Release|Any CPU
		{79F2E840-B418-4CC0-B2E8-328E79760679}.Ad-Hoc|Any CPU.Build.0 = Release|Any CPU
		{79F2E840-B418-4CC0-B2E8-328E79760679}.Ad-Hoc|iPhone.ActiveCfg = Release|Any CPU
		{79F2E840-B418-4CC0-B2E8-328E79760679}.Ad-Hoc|iPhone.Build.0 = Release|Any CPU
		{79F2E840-B418-4CC0-B2E8-328E79760679}.Ad-Hoc|iPhoneSimulator.ActiveCfg = Release|Any CPU
		{79F2E840-B418-4CC0-B2E8-328E79760679}.Ad-Hoc|iPhoneSimulator.Build.0 = Release|Any CPU
		{79F2E840-B418-4CC0-B2E8-328E79760679}.AppStore|Any CPU.ActiveCfg = Release|Any CPU
		{79F2E840-B418-4CC0-B2E8-328E79760679}.AppStore|Any CPU.Build.0 = Release|Any CPU
		{79F2E840-B418-4CC0-B2E8-328E79760679}.AppStore|iPhone.ActiveCfg = Release|Any CPU
		{79F2E840-B418-4CC0-B2E8-328E79760679}.AppStore|iPhone.Build.0 = Release|Any CPU
		{79F2E840-B418-4CC0-B2E8-328E79760679}.AppStore|iPhoneSimulator.ActiveCfg = Release|Any CPU
		{79F2E840-B418-4CC0-B2E8-328E79760679}.AppStore|iPhoneSimulator.Build.0 = Release|Any CPU
		{79F2E840-B418-4CC0-B2E8-328E79760679}.Debug|Any CPU.ActiveCfg = Debug|Any CPU
		{79F2E840-B418-4CC0-B2E8-328E79760679}.Debug|Any CPU.Build.0 = Debug|Any CPU
		{79F2E840-B418-4CC0-B2E8-328E79760679}.Debug|iPhone.ActiveCfg = Debug|Any CPU
		{79F2E840-B418-4CC0-B2E8-328E79760679}.Debug|iPhone.Build.0 = Debug|Any CPU
		{79F2E840-B418-4CC0-B2E8-328E79760679}.Debug|iPhoneSimulator.ActiveCfg = Debug|Any CPU
		{79F2E840-B418-4CC0-B2E8-328E79760679}.Debug|iPhoneSimulator.Build.0 = Debug|Any CPU
		{79F2E840-B418-4CC0-B2E8-328E79760679}.Release|Any CPU.ActiveCfg = Release|Any CPU
		{79F2E840-B418-4CC0-B2E8-328E79760679}.Release|Any CPU.Build.0 = Release|Any CPU
		{79F2E840-B418-4CC0-B2E8-328E79760679}.Release|iPhone.ActiveCfg = Release|Any CPU
		{79F2E840-B418-4CC0-B2E8-328E79760679}.Release|iPhone.Build.0 = Release|Any CPU
		{79F2E840-B418-4CC0-B2E8-328E79760679}.Release|iPhoneSimulator.ActiveCfg = Release|Any CPU
		{79F2E840-B418-4CC0-B2E8-328E79760679}.Release|iPhoneSimulator.Build.0 = Release|Any CPU
		{AA28E33D-0FC4-424B-B4F8-05A867AE01C6}.Ad-Hoc|Any CPU.ActiveCfg = Release|Any CPU
		{AA28E33D-0FC4-424B-B4F8-05A867AE01C6}.Ad-Hoc|Any CPU.Build.0 = Release|Any CPU
		{AA28E33D-0FC4-424B-B4F8-05A867AE01C6}.Ad-Hoc|Any CPU.Deploy.0 = Release|Any CPU
		{AA28E33D-0FC4-424B-B4F8-05A867AE01C6}.Ad-Hoc|iPhone.ActiveCfg = Release|Any CPU
		{AA28E33D-0FC4-424B-B4F8-05A867AE01C6}.Ad-Hoc|iPhone.Build.0 = Release|Any CPU
		{AA28E33D-0FC4-424B-B4F8-05A867AE01C6}.Ad-Hoc|iPhone.Deploy.0 = Release|Any CPU
		{AA28E33D-0FC4-424B-B4F8-05A867AE01C6}.Ad-Hoc|iPhoneSimulator.ActiveCfg = Release|Any CPU
		{AA28E33D-0FC4-424B-B4F8-05A867AE01C6}.Ad-Hoc|iPhoneSimulator.Build.0 = Release|Any CPU
		{AA28E33D-0FC4-424B-B4F8-05A867AE01C6}.Ad-Hoc|iPhoneSimulator.Deploy.0 = Release|Any CPU
		{AA28E33D-0FC4-424B-B4F8-05A867AE01C6}.AppStore|Any CPU.ActiveCfg = Release|Any CPU
		{AA28E33D-0FC4-424B-B4F8-05A867AE01C6}.AppStore|Any CPU.Build.0 = Release|Any CPU
		{AA28E33D-0FC4-424B-B4F8-05A867AE01C6}.AppStore|Any CPU.Deploy.0 = Release|Any CPU
		{AA28E33D-0FC4-424B-B4F8-05A867AE01C6}.AppStore|iPhone.ActiveCfg = Release|Any CPU
		{AA28E33D-0FC4-424B-B4F8-05A867AE01C6}.AppStore|iPhone.Build.0 = Release|Any CPU
		{AA28E33D-0FC4-424B-B4F8-05A867AE01C6}.AppStore|iPhone.Deploy.0 = Release|Any CPU
		{AA28E33D-0FC4-424B-B4F8-05A867AE01C6}.AppStore|iPhoneSimulator.ActiveCfg = Release|Any CPU
		{AA28E33D-0FC4-424B-B4F8-05A867AE01C6}.AppStore|iPhoneSimulator.Build.0 = Release|Any CPU
		{AA28E33D-0FC4-424B-B4F8-05A867AE01C6}.AppStore|iPhoneSimulator.Deploy.0 = Release|Any CPU
		{AA28E33D-0FC4-424B-B4F8-05A867AE01C6}.Debug|Any CPU.ActiveCfg = Debug|Any CPU
		{AA28E33D-0FC4-424B-B4F8-05A867AE01C6}.Debug|Any CPU.Build.0 = Debug|Any CPU
		{AA28E33D-0FC4-424B-B4F8-05A867AE01C6}.Debug|Any CPU.Deploy.0 = Debug|Any CPU
		{AA28E33D-0FC4-424B-B4F8-05A867AE01C6}.Debug|iPhone.ActiveCfg = Debug|Any CPU
		{AA28E33D-0FC4-424B-B4F8-05A867AE01C6}.Debug|iPhone.Build.0 = Debug|Any CPU
		{AA28E33D-0FC4-424B-B4F8-05A867AE01C6}.Debug|iPhone.Deploy.0 = Debug|Any CPU
		{AA28E33D-0FC4-424B-B4F8-05A867AE01C6}.Debug|iPhoneSimulator.ActiveCfg = Debug|Any CPU
		{AA28E33D-0FC4-424B-B4F8-05A867AE01C6}.Debug|iPhoneSimulator.Build.0 = Debug|Any CPU
		{AA28E33D-0FC4-424B-B4F8-05A867AE01C6}.Debug|iPhoneSimulator.Deploy.0 = Debug|Any CPU
		{AA28E33D-0FC4-424B-B4F8-05A867AE01C6}.Release|Any CPU.ActiveCfg = Release|Any CPU
		{AA28E33D-0FC4-424B-B4F8-05A867AE01C6}.Release|Any CPU.Build.0 = Release|Any CPU
		{AA28E33D-0FC4-424B-B4F8-05A867AE01C6}.Release|Any CPU.Deploy.0 = Release|Any CPU
		{AA28E33D-0FC4-424B-B4F8-05A867AE01C6}.Release|iPhone.ActiveCfg = Release|Any CPU
		{AA28E33D-0FC4-424B-B4F8-05A867AE01C6}.Release|iPhone.Build.0 = Release|Any CPU
		{AA28E33D-0FC4-424B-B4F8-05A867AE01C6}.Release|iPhone.Deploy.0 = Release|Any CPU
		{AA28E33D-0FC4-424B-B4F8-05A867AE01C6}.Release|iPhoneSimulator.ActiveCfg = Release|Any CPU
		{AA28E33D-0FC4-424B-B4F8-05A867AE01C6}.Release|iPhoneSimulator.Build.0 = Release|Any CPU
		{AA28E33D-0FC4-424B-B4F8-05A867AE01C6}.Release|iPhoneSimulator.Deploy.0 = Release|Any CPU
		{E36DC546-E9CF-4D68-B6B4-AB3DE8853033}.Ad-Hoc|Any CPU.ActiveCfg = Ad-Hoc|iPhone
		{E36DC546-E9CF-4D68-B6B4-AB3DE8853033}.Ad-Hoc|iPhone.ActiveCfg = Ad-Hoc|iPhone
		{E36DC546-E9CF-4D68-B6B4-AB3DE8853033}.Ad-Hoc|iPhone.Build.0 = Ad-Hoc|iPhone
		{E36DC546-E9CF-4D68-B6B4-AB3DE8853033}.Ad-Hoc|iPhoneSimulator.ActiveCfg = Ad-Hoc|iPhoneSimulator
		{E36DC546-E9CF-4D68-B6B4-AB3DE8853033}.Ad-Hoc|iPhoneSimulator.Build.0 = Ad-Hoc|iPhoneSimulator
		{E36DC546-E9CF-4D68-B6B4-AB3DE8853033}.AppStore|Any CPU.ActiveCfg = AppStore|iPhone
		{E36DC546-E9CF-4D68-B6B4-AB3DE8853033}.AppStore|iPhone.ActiveCfg = AppStore|iPhone
		{E36DC546-E9CF-4D68-B6B4-AB3DE8853033}.AppStore|iPhone.Build.0 = AppStore|iPhone
		{E36DC546-E9CF-4D68-B6B4-AB3DE8853033}.AppStore|iPhoneSimulator.ActiveCfg = AppStore|iPhoneSimulator
		{E36DC546-E9CF-4D68-B6B4-AB3DE8853033}.AppStore|iPhoneSimulator.Build.0 = AppStore|iPhoneSimulator
		{E36DC546-E9CF-4D68-B6B4-AB3DE8853033}.Debug|Any CPU.ActiveCfg = Debug|iPhone
		{E36DC546-E9CF-4D68-B6B4-AB3DE8853033}.Debug|iPhone.ActiveCfg = Debug|iPhone
		{E36DC546-E9CF-4D68-B6B4-AB3DE8853033}.Debug|iPhone.Build.0 = Debug|iPhone
		{E36DC546-E9CF-4D68-B6B4-AB3DE8853033}.Debug|iPhoneSimulator.ActiveCfg = Debug|iPhoneSimulator
		{E36DC546-E9CF-4D68-B6B4-AB3DE8853033}.Debug|iPhoneSimulator.Build.0 = Debug|iPhoneSimulator
		{E36DC546-E9CF-4D68-B6B4-AB3DE8853033}.Release|Any CPU.ActiveCfg = Release|iPhone
		{E36DC546-E9CF-4D68-B6B4-AB3DE8853033}.Release|iPhone.ActiveCfg = Release|iPhone
		{E36DC546-E9CF-4D68-B6B4-AB3DE8853033}.Release|iPhone.Build.0 = Release|iPhone
		{E36DC546-E9CF-4D68-B6B4-AB3DE8853033}.Release|iPhoneSimulator.ActiveCfg = Release|iPhoneSimulator
		{E36DC546-E9CF-4D68-B6B4-AB3DE8853033}.Release|iPhoneSimulator.Build.0 = Release|iPhoneSimulator
		{ADF7555F-F2F7-4FAC-93BD-567535ED870E}.Ad-Hoc|Any CPU.ActiveCfg = Debug|Any CPU
		{ADF7555F-F2F7-4FAC-93BD-567535ED870E}.Ad-Hoc|Any CPU.Build.0 = Debug|Any CPU
		{ADF7555F-F2F7-4FAC-93BD-567535ED870E}.Ad-Hoc|iPhone.ActiveCfg = Debug|Any CPU
		{ADF7555F-F2F7-4FAC-93BD-567535ED870E}.Ad-Hoc|iPhone.Build.0 = Debug|Any CPU
		{ADF7555F-F2F7-4FAC-93BD-567535ED870E}.Ad-Hoc|iPhoneSimulator.ActiveCfg = Debug|Any CPU
		{ADF7555F-F2F7-4FAC-93BD-567535ED870E}.Ad-Hoc|iPhoneSimulator.Build.0 = Debug|Any CPU
		{ADF7555F-F2F7-4FAC-93BD-567535ED870E}.AppStore|Any CPU.ActiveCfg = Debug|Any CPU
		{ADF7555F-F2F7-4FAC-93BD-567535ED870E}.AppStore|Any CPU.Build.0 = Debug|Any CPU
		{ADF7555F-F2F7-4FAC-93BD-567535ED870E}.AppStore|iPhone.ActiveCfg = Debug|Any CPU
		{ADF7555F-F2F7-4FAC-93BD-567535ED870E}.AppStore|iPhone.Build.0 = Debug|Any CPU
		{ADF7555F-F2F7-4FAC-93BD-567535ED870E}.AppStore|iPhoneSimulator.ActiveCfg = Debug|Any CPU
		{ADF7555F-F2F7-4FAC-93BD-567535ED870E}.AppStore|iPhoneSimulator.Build.0 = Debug|Any CPU
		{ADF7555F-F2F7-4FAC-93BD-567535ED870E}.Debug|Any CPU.ActiveCfg = Debug|Any CPU
		{ADF7555F-F2F7-4FAC-93BD-567535ED870E}.Debug|Any CPU.Build.0 = Debug|Any CPU
		{ADF7555F-F2F7-4FAC-93BD-567535ED870E}.Debug|iPhone.ActiveCfg = Debug|Any CPU
		{ADF7555F-F2F7-4FAC-93BD-567535ED870E}.Debug|iPhone.Build.0 = Debug|Any CPU
		{ADF7555F-F2F7-4FAC-93BD-567535ED870E}.Debug|iPhoneSimulator.ActiveCfg = Debug|Any CPU
		{ADF7555F-F2F7-4FAC-93BD-567535ED870E}.Debug|iPhoneSimulator.Build.0 = Debug|Any CPU
		{ADF7555F-F2F7-4FAC-93BD-567535ED870E}.Release|Any CPU.ActiveCfg = Release|Any CPU
		{ADF7555F-F2F7-4FAC-93BD-567535ED870E}.Release|Any CPU.Build.0 = Release|Any CPU
		{ADF7555F-F2F7-4FAC-93BD-567535ED870E}.Release|iPhone.ActiveCfg = Release|Any CPU
		{ADF7555F-F2F7-4FAC-93BD-567535ED870E}.Release|iPhone.Build.0 = Release|Any CPU
		{ADF7555F-F2F7-4FAC-93BD-567535ED870E}.Release|iPhoneSimulator.ActiveCfg = Release|Any CPU
		{ADF7555F-F2F7-4FAC-93BD-567535ED870E}.Release|iPhoneSimulator.Build.0 = Release|Any CPU
	EndGlobalSection
	GlobalSection(SolutionProperties) = preSolution
		HideSolutionNode = FALSE
	EndGlobalSection
	GlobalSection(NestedProjects) = preSolution
		{1A1A98FE-DD48-457E-A2C1-B473396D1315} = {4B8F0DFD-5BF6-4D7A-9A96-499CB2941974}
		{1D890AFC-7AE5-45E4-A1E2-4161D00D46F3} = {C55DF594-CFAA-4BE0-BC0E-A1EA557512AA}
		{C4C90E6F-22F5-4AF2-8DF5-D67A9992E74E} = {C55DF594-CFAA-4BE0-BC0E-A1EA557512AA}
		{1364F85D-9AD3-4B95-84AA-36E5583372EA} = {9CA4C488-9AAE-4277-8D93-BA9BBFFD7C09}
		{0310B10F-5E51-455A-ACB7-7FDE01E0EE0B} = {C55DF594-CFAA-4BE0-BC0E-A1EA557512AA}
		{79F2E840-B418-4CC0-B2E8-328E79760679} = {C55DF594-CFAA-4BE0-BC0E-A1EA557512AA}
		{AA28E33D-0FC4-424B-B4F8-05A867AE01C6} = {E3582EED-6092-43F7-BB88-7071001AC9B0}
		{E36DC546-E9CF-4D68-B6B4-AB3DE8853033} = {E3582EED-6092-43F7-BB88-7071001AC9B0}
		{ADF7555F-F2F7-4FAC-93BD-567535ED870E} = {E3582EED-6092-43F7-BB88-7071001AC9B0}
	EndGlobalSection
	GlobalSection(ExtensibilityGlobals) = postSolution
		SolutionGuid = {291B1057-3DB4-436A-AFE9-9C561B7E684E}
	EndGlobalSection
EndGlobal
