
Microsoft Visual Studio Solution File, Format Version 12.00
# Visual Studio 15
VisualStudioVersion = 15.0.28010.2046
MinimumVisualStudioVersion = 10.0.40219.1
Project("{FAE04EC0-301F-11D3-BF4B-00C04F79EFBC}") = "BHJet_Admin", "BHJet_Admin\BHJet_Admin.csproj", "{1A1A98FE-DD48-457E-A2C1-B473396D1315}"
EndProject
Project("{2150E333-8FDC-42A3-9474-1A3956D46DE8}") = "Componentes", "Componentes", "{C55DF594-CFAA-4BE0-BC0E-A1EA557512AA}"
EndProject
Project("{FAE04EC0-301F-11D3-BF4B-00C04F79EFBC}") = "BHJet_Core", "BHJet_Core\BHJet_Core.csproj", "{1D890AFC-7AE5-45E4-A1E2-4161D00D46F3}"
EndProject
Project("{FAE04EC0-301F-11D3-BF4B-00C04F79EFBC}") = "BHJet_Repositorio", "BHJet_Repositorio\BHJet_Repositorio.csproj", "{C4C90E6F-22F5-4AF2-8DF5-D67A9992E74E}"
EndProject
Project("{FAE04EC0-301F-11D3-BF4B-00C04F79EFBC}") = "BHJet_WebApi", "BHJet_WebApi\BHJet_WebApi.csproj", "{1364F85D-9AD3-4B95-84AA-36E5583372EA}"
EndProject
Project("{2150E333-8FDC-42A3-9474-1A3956D46DE8}") = "Web", "Web", "{4B8F0DFD-5BF6-4D7A-9A96-499CB2941974}"
EndProject
Project("{2150E333-8FDC-42A3-9474-1A3956D46DE8}") = "WebApi", "WebApi", "{9CA4C488-9AAE-4277-8D93-BA9BBFFD7C09}"
EndProject
Project("{9A19103F-16F7-4668-BE54-9A1E7A4F7556}") = "BHJet_Servico", "BHJet_Servico\BHJet_Servico.csproj", "{0310B10F-5E51-455A-ACB7-7FDE01E0EE0B}"
EndProject
Project("{FAE04EC0-301F-11D3-BF4B-00C04F79EFBC}") = "BHJet_DTO", "BHJet_DTO\BHJet_DTO.csproj", "{79F2E840-B418-4CC0-B2E8-328E79760679}"
EndProject
Global
	GlobalSection(SolutionConfigurationPlatforms) = preSolution
		Debug|Any CPU = Debug|Any CPU
		Release|Any CPU = Release|Any CPU
	EndGlobalSection
	GlobalSection(ProjectConfigurationPlatforms) = postSolution
		{1A1A98FE-DD48-457E-A2C1-B473396D1315}.Debug|Any CPU.ActiveCfg = Debug|Any CPU
		{1A1A98FE-DD48-457E-A2C1-B473396D1315}.Debug|Any CPU.Build.0 = Debug|Any CPU
		{1A1A98FE-DD48-457E-A2C1-B473396D1315}.Release|Any CPU.ActiveCfg = Release|Any CPU
		{1A1A98FE-DD48-457E-A2C1-B473396D1315}.Release|Any CPU.Build.0 = Release|Any CPU
		{1D890AFC-7AE5-45E4-A1E2-4161D00D46F3}.Debug|Any CPU.ActiveCfg = Debug|Any CPU
		{1D890AFC-7AE5-45E4-A1E2-4161D00D46F3}.Debug|Any CPU.Build.0 = Debug|Any CPU
		{1D890AFC-7AE5-45E4-A1E2-4161D00D46F3}.Release|Any CPU.ActiveCfg = Release|Any CPU
		{1D890AFC-7AE5-45E4-A1E2-4161D00D46F3}.Release|Any CPU.Build.0 = Release|Any CPU
		{C4C90E6F-22F5-4AF2-8DF5-D67A9992E74E}.Debug|Any CPU.ActiveCfg = Debug|Any CPU
		{C4C90E6F-22F5-4AF2-8DF5-D67A9992E74E}.Debug|Any CPU.Build.0 = Debug|Any CPU
		{C4C90E6F-22F5-4AF2-8DF5-D67A9992E74E}.Release|Any CPU.ActiveCfg = Release|Any CPU
		{C4C90E6F-22F5-4AF2-8DF5-D67A9992E74E}.Release|Any CPU.Build.0 = Release|Any CPU
		{1364F85D-9AD3-4B95-84AA-36E5583372EA}.Debug|Any CPU.ActiveCfg = Debug|Any CPU
		{1364F85D-9AD3-4B95-84AA-36E5583372EA}.Debug|Any CPU.Build.0 = Debug|Any CPU
		{1364F85D-9AD3-4B95-84AA-36E5583372EA}.Release|Any CPU.ActiveCfg = Release|Any CPU
		{1364F85D-9AD3-4B95-84AA-36E5583372EA}.Release|Any CPU.Build.0 = Release|Any CPU
		{0310B10F-5E51-455A-ACB7-7FDE01E0EE0B}.Debug|Any CPU.ActiveCfg = Debug|Any CPU
		{0310B10F-5E51-455A-ACB7-7FDE01E0EE0B}.Debug|Any CPU.Build.0 = Debug|Any CPU
		{0310B10F-5E51-455A-ACB7-7FDE01E0EE0B}.Release|Any CPU.ActiveCfg = Release|Any CPU
		{0310B10F-5E51-455A-ACB7-7FDE01E0EE0B}.Release|Any CPU.Build.0 = Release|Any CPU
		{79F2E840-B418-4CC0-B2E8-328E79760679}.Debug|Any CPU.ActiveCfg = Debug|Any CPU
		{79F2E840-B418-4CC0-B2E8-328E79760679}.Debug|Any CPU.Build.0 = Debug|Any CPU
		{79F2E840-B418-4CC0-B2E8-328E79760679}.Release|Any CPU.ActiveCfg = Release|Any CPU
		{79F2E840-B418-4CC0-B2E8-328E79760679}.Release|Any CPU.Build.0 = Release|Any CPU
	EndGlobalSection
	GlobalSection(SolutionProperties) = preSolution
		HideSolutionNode = FALSE
	EndGlobalSection
	GlobalSection(NestedProjects) = preSolution
		{1A1A98FE-DD48-457E-A2C1-B473396D1315} = {4B8F0DFD-5BF6-4D7A-9A96-499CB2941974}
		{1D890AFC-7AE5-45E4-A1E2-4161D00D46F3} = {C55DF594-CFAA-4BE0-BC0E-A1EA557512AA}
		{C4C90E6F-22F5-4AF2-8DF5-D67A9992E74E} = {C55DF594-CFAA-4BE0-BC0E-A1EA557512AA}
		{1364F85D-9AD3-4B95-84AA-36E5583372EA} = {9CA4C488-9AAE-4277-8D93-BA9BBFFD7C09}
		{0310B10F-5E51-455A-ACB7-7FDE01E0EE0B} = {C55DF594-CFAA-4BE0-BC0E-A1EA557512AA}
		{79F2E840-B418-4CC0-B2E8-328E79760679} = {C55DF594-CFAA-4BE0-BC0E-A1EA557512AA}
	EndGlobalSection
	GlobalSection(ExtensibilityGlobals) = postSolution
		SolutionGuid = {291B1057-3DB4-436A-AFE9-9C561B7E684E}
	EndGlobalSection
EndGlobal
